[[package]]
name = "adler32"
version = "1.0.2"
source = "registry+https://github.com/rust-lang/crates.io-index"

[[package]]
name = "build_const"
version = "0.2.0"
source = "registry+https://github.com/rust-lang/crates.io-index"

[[package]]
name = "byteorder"
version = "1.2.1"
source = "registry+https://github.com/rust-lang/crates.io-index"

[[package]]
name = "chrono"
version = "0.4.0"
source = "registry+https://github.com/rust-lang/crates.io-index"
dependencies = [
 "num 0.1.42 (registry+https://github.com/rust-lang/crates.io-index)",
 "time 0.1.39 (registry+https://github.com/rust-lang/crates.io-index)",
]

[[package]]
name = "crc"
version = "1.7.0"
source = "registry+https://github.com/rust-lang/crates.io-index"
dependencies = [
 "build_const 0.2.0 (registry+https://github.com/rust-lang/crates.io-index)",
]

[[package]]
name = "deflate"
version = "0.7.17"
source = "registry+https://github.com/rust-lang/crates.io-index"
dependencies = [
 "adler32 1.0.2 (registry+https://github.com/rust-lang/crates.io-index)",
 "byteorder 1.2.1 (registry+https://github.com/rust-lang/crates.io-index)",
 "gzip-header 0.1.2 (registry+https://github.com/rust-lang/crates.io-index)",
]

[[package]]
name = "enum_primitive"
version = "0.1.1"
source = "registry+https://github.com/rust-lang/crates.io-index"
dependencies = [
 "num-traits 0.1.43 (registry+https://github.com/rust-lang/crates.io-index)",
]

[[package]]
name = "gzip-header"
version = "0.1.2"
source = "registry+https://github.com/rust-lang/crates.io-index"
dependencies = [
 "crc 1.7.0 (registry+https://github.com/rust-lang/crates.io-index)",
 "enum_primitive 0.1.1 (registry+https://github.com/rust-lang/crates.io-index)",
]

[[package]]
name = "libc"
version = "0.2.36"
source = "registry+https://github.com/rust-lang/crates.io-index"

[[package]]
name = "num"
version = "0.1.42"
source = "registry+https://github.com/rust-lang/crates.io-index"
dependencies = [
 "num-integer 0.1.36 (registry+https://github.com/rust-lang/crates.io-index)",
 "num-iter 0.1.35 (registry+https://github.com/rust-lang/crates.io-index)",
 "num-traits 0.2.0 (registry+https://github.com/rust-lang/crates.io-index)",
]

[[package]]
name = "num-integer"
version = "0.1.36"
source = "registry+https://github.com/rust-lang/crates.io-index"
dependencies = [
 "num-traits 0.2.0 (registry+https://github.com/rust-lang/crates.io-index)",
]

[[package]]
name = "num-iter"
version = "0.1.35"
source = "registry+https://github.com/rust-lang/crates.io-index"
dependencies = [
 "num-integer 0.1.36 (registry+https://github.com/rust-lang/crates.io-index)",
 "num-traits 0.2.0 (registry+https://github.com/rust-lang/crates.io-index)",
]

[[package]]
name = "num-traits"
version = "0.1.43"
source = "registry+https://github.com/rust-lang/crates.io-index"
dependencies = [
 "num-traits 0.2.0 (registry+https://github.com/rust-lang/crates.io-index)",
]

[[package]]
name = "num-traits"
version = "0.2.0"
source = "registry+https://github.com/rust-lang/crates.io-index"

[[package]]
name = "redox_syscall"
version = "0.1.37"
source = "registry+https://github.com/rust-lang/crates.io-index"

[[package]]
name = "simple-http"
version = "0.1.0"
dependencies = [
 "chrono 0.4.0 (registry+https://github.com/rust-lang/crates.io-index)",
 "deflate 0.7.17 (registry+https://github.com/rust-lang/crates.io-index)",
]

[[package]]
name = "time"
version = "0.1.39"
source = "registry+https://github.com/rust-lang/crates.io-index"
dependencies = [
 "libc 0.2.36 (registry+https://github.com/rust-lang/crates.io-index)",
 "redox_syscall 0.1.37 (registry+https://github.com/rust-lang/crates.io-index)",
 "winapi 0.3.4 (registry+https://github.com/rust-lang/crates.io-index)",
]

[[package]]
name = "winapi"
version = "0.3.4"
source = "registry+https://github.com/rust-lang/crates.io-index"
dependencies = [
 "winapi-i686-pc-windows-gnu 0.4.0 (registry+https://github.com/rust-lang/crates.io-index)",
 "winapi-x86_64-pc-windows-gnu 0.4.0 (registry+https://github.com/rust-lang/crates.io-index)",
]

[[package]]
name = "winapi-i686-pc-windows-gnu"
version = "0.4.0"
source = "registry+https://github.com/rust-lang/crates.io-index"

[[package]]
name = "winapi-x86_64-pc-windows-gnu"
version = "0.4.0"
source = "registry+https://github.com/rust-lang/crates.io-index"

[metadata]
"checksum adler32 1.0.2 (registry+https://github.com/rust-lang/crates.io-index)" = "6cbd0b9af8587c72beadc9f72d35b9fbb070982c9e6203e46e93f10df25f8f45"
"checksum build_const 0.2.0 (registry+https://github.com/rust-lang/crates.io-index)" = "e90dc84f5e62d2ebe7676b83c22d33b6db8bd27340fb6ffbff0a364efa0cb9c9"
"checksum byteorder 1.2.1 (registry+https://github.com/rust-lang/crates.io-index)" = "652805b7e73fada9d85e9a6682a4abd490cb52d96aeecc12e33a0de34dfd0d23"
"checksum chrono 0.4.0 (registry+https://github.com/rust-lang/crates.io-index)" = "7c20ebe0b2b08b0aeddba49c609fe7957ba2e33449882cb186a180bc60682fa9"
"checksum crc 1.7.0 (registry+https://github.com/rust-lang/crates.io-index)" = "bd5d02c0aac6bd68393ed69e00bbc2457f3e89075c6349db7189618dc4ddc1d7"
"checksum deflate 0.7.17 (registry+https://github.com/rust-lang/crates.io-index)" = "4dddda59aaab719767ab11d3efd9a714e95b610c4445d4435765021e9d52dfb1"
"checksum enum_primitive 0.1.1 (registry+https://github.com/rust-lang/crates.io-index)" = "be4551092f4d519593039259a9ed8daedf0da12e5109c5280338073eaeb81180"
"checksum gzip-header 0.1.2 (registry+https://github.com/rust-lang/crates.io-index)" = "0a9fcfe1c9ee125342355b2467bc29b9dfcb2124fcae27edb9cee6f4cc5ecd40"
"checksum libc 0.2.36 (registry+https://github.com/rust-lang/crates.io-index)" = "1e5d97d6708edaa407429faa671b942dc0f2727222fb6b6539bf1db936e4b121"
"checksum num 0.1.42 (registry+https://github.com/rust-lang/crates.io-index)" = "4703ad64153382334aa8db57c637364c322d3372e097840c72000dabdcf6156e"
"checksum num-integer 0.1.36 (registry+https://github.com/rust-lang/crates.io-index)" = "f8d26da319fb45674985c78f1d1caf99aa4941f785d384a2ae36d0740bc3e2fe"
"checksum num-iter 0.1.35 (registry+https://github.com/rust-lang/crates.io-index)" = "4b226df12c5a59b63569dd57fafb926d91b385dfce33d8074a412411b689d593"
"checksum num-traits 0.1.43 (registry+https://github.com/rust-lang/crates.io-index)" = "92e5113e9fd4cc14ded8e499429f396a20f98c772a47cc8622a736e1ec843c31"
"checksum num-traits 0.2.0 (registry+https://github.com/rust-lang/crates.io-index)" = "e7de20f146db9d920c45ee8ed8f71681fd9ade71909b48c3acbd766aa504cf10"
"checksum redox_syscall 0.1.37 (registry+https://github.com/rust-lang/crates.io-index)" = "0d92eecebad22b767915e4d529f89f28ee96dbbf5a4810d2b844373f136417fd"
"checksum time 0.1.39 (registry+https://github.com/rust-lang/crates.io-index)" = "a15375f1df02096fb3317256ce2cee6a1f42fc84ea5ad5fc8c421cfe40c73098"
"checksum winapi 0.3.4 (registry+https://github.com/rust-lang/crates.io-index)" = "04e3bd221fcbe8a271359c04f21a76db7d0c6028862d1bb5512d85e1e2eb5bb3"
"checksum winapi-i686-pc-windows-gnu 0.4.0 (registry+https://github.com/rust-lang/crates.io-index)" = "ac3b87c63620426dd9b991e5ce0329eff545bccbbb34f3be09ff6fb6ab51b7b6"
"checksum winapi-x86_64-pc-windows-gnu 0.4.0 (registry+https://github.com/rust-lang/crates.io-index)" = "712e227841d057c1ee1cd2fb22fa7e5a5461ae8e48fa2ca79ec42cfc1931183f"
